lockfileVersion: '9.0'

settings:
  autoInstallPeers: true
  excludeLinksFromLockfile: false

importers:

  .:
    dependencies:
      '@astralsight/astroforge-core':
        specifier: ^0.0.11
        version: 0.0.11
      '@astralsight/astroforge-rsbuild-plugin':
        specifier: ^0.0.11
        version: 0.0.11(@rsbuild/core@2.0.6)
    devDependencies:
      '@astralsight/astroforge':
        specifier: ^0.0.11
        version: 0.0.11
      '@rsbuild/core':
        specifier: ^2.0.0
        version: 2.0.6
      typescript:
        specifier: ^5.0.0
        version: 5.9.3

packages:

  '@astralsight/astroforge-cli-darwin-arm64@0.0.11':
    resolution: {integrity: sha512-B/jirwDPgqzt3hUnim7PWq/ejAW3ndJwA/cYGgL8e+Zce7UhV4YL8oUNnJHR93BOZWA2evKv4r/jdZe7idxZ2g==}
    engines: {node: '>=18.18'}
    cpu: [arm64]
    os: [darwin]

  '@astralsight/astroforge-cli-darwin-x64@0.0.11':
    resolution: {integrity: sha512-Inco1hebZz7mlfSrGYZZivE3xFkL2BtsQh+xHU7LP8sQP9g0EUPnNdF94qU+lPfojdHpcp7xJwWHpW3Yao9BIw==}
    engines: {node: '>=18.18'}
    cpu: [x64]
    os: [darwin]

  '@astralsight/astroforge-cli-linux-arm64-gnu@0.0.11':
    resolution: {integrity: sha512-rKU5aZCyWgX7NVhFPEqUIrA3sr0BZzt/zFRlz0B5SbwoNVio8gnRMXAjp3SKic5CUYT9SbbR/Dqn8wqO6Khiew==}
    engines: {node: '>=18.18'}
    cpu: [arm64]
    os: [linux]
    libc: [glibc]

  '@astralsight/astroforge-cli-linux-x64-gnu@0.0.11':
    resolution: {integrity: sha512-OQxy4uA8sNq9BN1et7I9sPbcPHOFjqNpwzwZreT6VLFcCf1O1CUfvr9IBDuEQu1SRgsGLHKYJOpXr8jKaKhofA==}
    engines: {node: '>=18.18'}
    cpu: [x64]
    os: [linux]
    libc: [glibc]

  '@astralsight/astroforge-cli-win32-arm64-msvc@0.0.11':
    resolution: {integrity: sha512-qrig8eEsBFIlJHrFYgKZ3aLX2lGgFrlis6KgfVDX/tgIptmyIXlQ7t3qRf9YujLHC1SJeplXCAadfZjccoXcTQ==}
    engines: {node: '>=18.18'}
    cpu: [arm64]
    os: [win32]

  '@astralsight/astroforge-cli-win32-x64-msvc@0.0.11':
    resolution: {integrity: sha512-99KcJixkhbhAWeKYQE8Vq9JlLJl1G/IzaMa8dOeD3mydMMRlP31GcHO0vaA3ypMKxnsPSU7NwGM0AKRAw+yFLw==}
    engines: {node: '>=18.18'}
    cpu: [x64]
    os: [win32]

  '@astralsight/astroforge-core@0.0.11':
    resolution: {integrity: sha512-ty5bbYBdMFpQ+EzdD8AF12WtTFBPIzIx9RlDRgpluB6M5d+ifwdyOeyZdkmnYr3E5ivcXNxB3kIW6BWdOKtF/A==}
    engines: {node: '>=18.18'}

  '@astralsight/astroforge-rsbuild-plugin@0.0.11':
    resolution: {integrity: sha512-8nXQs83fFOlNVbqQtdMtRNPOxdqaTE4IYo2UhyLOs830p4oM4oTeKF7vbsLHt79Y6rRkLb1LtT52gwkMWnAPkg==}
    engines: {node: '>=18.18'}
    peerDependencies:
      '@rsbuild/core': '>=1.0.0'

  '@astralsight/astroforge@0.0.11':
    resolution: {integrity: sha512-HIn3dKqgD7jmoZ4rcMrFw5u06Krg1EDnoGZzDbqKo+NenU3Gu6zGSQEye2L+Y2PEeNyqlS8WByEntwZzcQOgPg==}
    engines: {node: '>=18.18'}
    hasBin: true

  '@babel/helper-string-parser@7.27.1':
    resolution: {integrity: sha512-qMlSxKbpRlAridDExk92nSobyDdpPijUq2DW6oDnUqd0iOGxmQjyqhMIihI9+zv4LPyZdRje2cavWPbCbWm3eA==}
    engines: {node: '>=6.9.0'}

  '@babel/helper-validator-identifier@7.28.5':
    resolution: {integrity: sha512-qSs4ifwzKJSV39ucNjsvc6WVHs6b7S03sOh2OcHF9UHfVPqWWALUsNUVzhSBiItjRZoLHx7nIarVjqKVusUZ1Q==}
    engines: {node: '>=6.9.0'}

  '@babel/parser@7.29.3':
    resolution: {integrity: sha512-b3ctpQwp+PROvU/cttc4OYl4MzfJUWy6FZg+PMXfzmt/+39iHVF0sDfqay8TQM3JA2EUOyKcFZt75jWriQijsA==}
    engines: {node: '>=6.0.0'}
    hasBin: true

  '@babel/types@7.29.0':
    resolution: {integrity: sha512-LwdZHpScM4Qz8Xw2iKSzS+cfglZzJGvofQICy7W7v4caru4EaAmyUuO6BGrbyQ2mYV11W0U8j5mBhd14dd3B0A==}
    engines: {node: '>=6.9.0'}

  '@emnapi/core@1.10.0':
    resolution: {integrity: sha512-yq6OkJ4p82CAfPl0u9mQebQHKPJkY7WrIuk205cTYnYe+k2Z8YBh11FrbRG/H6ihirqcacOgl2BIO8oyMQLeXw==}

  '@emnapi/runtime@1.10.0':
    resolution: {integrity: sha512-ewvYlk86xUoGI0zQRNq/mC+16R1QeDlKQy21Ki3oSYXNgLb45GV1P6A0M+/s6nyCuNDqe5VpaY84BzXGwVbwFA==}

  '@emnapi/wasi-threads@1.2.1':
    resolution: {integrity: sha512-uTII7OYF+/Mes/MrcIOYp5yOtSMLBWSIoLPpcgwipoiKbli6k322tcoFsxoIIxPDqW01SQGAgko4EzZi2BNv2w==}

  '@napi-rs/wasm-runtime@1.1.4':
    resolution: {integrity: sha512-3NQNNgA1YSlJb/kMH1ildASP9HW7/7kYnRI2szWJaofaS1hWmbGI4H+d3+22aGzXXN9IJ+n+GiFVcGipJP18ow==}
    peerDependencies:
      '@emnapi/core': ^1.7.1
      '@emnapi/runtime': ^1.7.1

  '@rsbuild/core@2.0.6':
    resolution: {integrity: sha512-0/u7oTgPp9NsL7E7qXzYiOOPAsOJiDbOr0FmG6gizJDIpYK8nospogNrwQ00SG0had9fdhLI7XkhP160IaLnWw==}
    engines: {node: ^20.19.0 || >=22.12.0}
    hasBin: true
    peerDependencies:
      core-js: '>= 3.0.0'
    peerDependenciesMeta:
      core-js:
        optional: true

  '@rspack/binding-darwin-arm64@2.0.3':
    resolution: {integrity: sha512-4UyCjLJwU/WxR6K1/gG4u3+jUsoaRHJ5rNu9fto/UbvrItwdlVNULChAApqZFw6mcSetMddSjSICeuj5pSB6sA==}
    cpu: [arm64]
    os: [darwin]

  '@rspack/binding-darwin-x64@2.0.3':
    resolution: {integrity: sha512-K3evrbTgZNa8emEqk+AjDtbuoXZp5tPZz3pcEgETxuu3KanW8Zu+Fb+TUp1DEUcL0xOmHPPox8H2cZ3pF4Zmug==}
    cpu: [x64]
    os: [darwin]

  '@rspack/binding-linux-arm64-gnu@2.0.3':
    resolution: {integrity: sha512-aPLDaaTtX1wqjLYAIHc2MGDQZtv1Hbjx47oaaefbWz5GbAnSA4P8jdYIeeGRyrqvQ0WqJXIWXgT0d/iXtes00A==}
    cpu: [arm64]
    os: [linux]
    libc: [glibc]

  '@rspack/binding-linux-arm64-musl@2.0.3':
    resolution: {integrity: sha512-0WulUQPop6vmSDfrTxghmVlm+6crU8/XqD2f0dOWbEniZVuDZJ5/Y/cBqTRyk3rjl0vrmUv3lc87/t7UgQJQSw==}
    cpu: [arm64]
    os: [linux]
    libc: [musl]

  '@rspack/binding-linux-x64-gnu@2.0.3':
    resolution: {integrity: sha512-fAhiMuV5omT53YMft+f3Y9euAFgspuyBAk9ZpeW2buL2TkuUMwP07adhhvQfKdQ5gpELfzmjQaRDGqaIT8UWiA==}
    cpu: [x64]
    os: [linux]
    libc: [glibc]

  '@rspack/binding-linux-x64-musl@2.0.3':
    resolution: {integrity: sha512-0kcuFoZ8vy2iNWoISFOZt+/Ujo7LRLrzE7h07AV5r+oN/mv+/v14Sd/8NUtDIScCkrYOszYq/QS31e6t0UrVfw==}
    cpu: [x64]
    os: [linux]
    libc: [musl]

  '@rspack/binding-wasm32-wasi@2.0.3':
    resolution: {integrity: sha512-x2fsw7GzNZEnw444ikj4/b8kVjM0Y0TllxmizHpYZ9gmaQrOk5OXo9RQdz+l4zzoGors0l2IZP5Cc4GJNCaSoQ==}
    cpu: [wasm32]

  '@rspack/binding-win32-arm64-msvc@2.0.3':
    resolution: {integrity: sha512-jqlxuVPdrgMuwj/HEjSkC/jmhl4fAuKyob36zJXq2uAusn2FRJ4kClGe1fLFpfxRXFVQAWwlAOwLJg8T0suuaA==}
    cpu: [arm64]
    os: [win32]

  '@rspack/binding-win32-ia32-msvc@2.0.3':
    resolution: {integrity: sha512-QM4JEuyk5QaZ5gnvnAIaCwVQzCkrD2E4Sud77kx/MVGDsRkcOlMx3blMC5QNHPDamRmWGk+7314YOQvRhKuWyg==}
    cpu: [ia32]
    os: [win32]

  '@rspack/binding-win32-x64-msvc@2.0.3':
    resolution: {integrity: sha512-vSQNnAy0wswG6AfNRuArTHQBiXOXl+A9ddQxBFup4PMHUzXxKtsBLQzw7BgFC0EgrPeHbt+30j7sXVZKYukj4A==}
    cpu: [x64]
    os: [win32]

  '@rspack/binding@2.0.3':
    resolution: {integrity: sha512-4exVNhGhW5RFHjK87XeTKbkA/qAgI5NHJlT1jNqiJv0gcUXLqTOEU3w7f8+f9zUo4JMFvPc0c9veOi4M19YYTg==}

  '@rspack/core@2.0.3':
    resolution: {integrity: sha512-2ufO/8FHIA/lX6UOgSsKPhpDvHr0sh9lYq/n/LsIZsTwu3973BGbu2fg1Akvuu3rEnskPqXjsqH2EPBzEA42uA==}
    engines: {node: ^20.19.0 || >=22.12.0}
    peerDependencies:
      '@module-federation/runtime-tools': ^0.24.1 || ^2.0.0
      '@swc/helpers': '>=0.5.1'
    peerDependenciesMeta:
      '@module-federation/runtime-tools':
        optional: true
      '@swc/helpers':
        optional: true

  '@swc/helpers@0.5.21':
    resolution: {integrity: sha512-jI/VAmtdjB/RnI8GTnokyX7Ug8c+g+ffD6QRLa6XQewtnGyukKkKSk3wLTM3b5cjt1jNh9x0jfVlagdN2gDKQg==}

  '@tybys/wasm-util@0.10.2':
    resolution: {integrity: sha512-RoBvJ2X0wuKlWFIjrwffGw1IqZHKQqzIchKaadZZfnNpsAYp2mM0h36JtPCjNDAHGgYez/15uMBpfGwchhiMgg==}

  tslib@2.8.1:
    resolution: {integrity: sha512-oJFu94HQb+KVduSUQL7wnpmqnfmLsOA/nAh6b6EH0wCEoK0/mPeXU6c3wKDV83MkOuHPRHtSXKKU99IBazS/2w==}

  typescript@5.9.3:
    resolution: {integrity: sha512-jl1vZzPDinLr9eUt3J/t7V6FgNEw9QjvBPdysz9KfQDD41fQrC2Y4vKQdiaUpFT4bXlb1RHhLpp8wtm6M5TgSw==}
    engines: {node: '>=14.17'}
    hasBin: true

snapshots:

  '@astralsight/astroforge-cli-darwin-arm64@0.0.11':
    optional: true

  '@astralsight/astroforge-cli-darwin-x64@0.0.11':
    optional: true

  '@astralsight/astroforge-cli-linux-arm64-gnu@0.0.11':
    optional: true

  '@astralsight/astroforge-cli-linux-x64-gnu@0.0.11':
    optional: true

  '@astralsight/astroforge-cli-win32-arm64-msvc@0.0.11':
    optional: true

  '@astralsight/astroforge-cli-win32-x64-msvc@0.0.11':
    optional: true

  '@astralsight/astroforge-core@0.0.11': {}

  '@astralsight/astroforge-rsbuild-plugin@0.0.11(@rsbuild/core@2.0.6)':
    dependencies:
      '@astralsight/astroforge-core': 0.0.11
      '@babel/parser': 7.29.3
      '@rsbuild/core': 2.0.6

  '@astralsight/astroforge@0.0.11':
    optionalDependencies:
      '@astralsight/astroforge-cli-darwin-arm64': 0.0.11
      '@astralsight/astroforge-cli-darwin-x64': 0.0.11
      '@astralsight/astroforge-cli-linux-arm64-gnu': 0.0.11
      '@astralsight/astroforge-cli-linux-x64-gnu': 0.0.11
      '@astralsight/astroforge-cli-win32-arm64-msvc': 0.0.11
      '@astralsight/astroforge-cli-win32-x64-msvc': 0.0.11

  '@babel/helper-string-parser@7.27.1': {}

  '@babel/helper-validator-identifier@7.28.5': {}

  '@babel/parser@7.29.3':
    dependencies:
      '@babel/types': 7.29.0

  '@babel/types@7.29.0':
    dependencies:
      '@babel/helper-string-parser': 7.27.1
      '@babel/helper-validator-identifier': 7.28.5

  '@emnapi/core@1.10.0':
    dependencies:
      '@emnapi/wasi-threads': 1.2.1
      tslib: 2.8.1
    optional: true

  '@emnapi/runtime@1.10.0':
    dependencies:
      tslib: 2.8.1
    optional: true

  '@emnapi/wasi-threads@1.2.1':
    dependencies:
      tslib: 2.8.1
    optional: true

  '@napi-rs/wasm-runtime@1.1.4(@emnapi/core@1.10.0)(@emnapi/runtime@1.10.0)':
    dependencies:
      '@emnapi/core': 1.10.0
      '@emnapi/runtime': 1.10.0
      '@tybys/wasm-util': 0.10.2
    optional: true

  '@rsbuild/core@2.0.6':
    dependencies:
      '@rspack/core': 2.0.3(@swc/helpers@0.5.21)
      '@swc/helpers': 0.5.21
    transitivePeerDependencies:
      - '@module-federation/runtime-tools'

  '@rspack/binding-darwin-arm64@2.0.3':
    optional: true

  '@rspack/binding-darwin-x64@2.0.3':
    optional: true

  '@rspack/binding-linux-arm64-gnu@2.0.3':
    optional: true

  '@rspack/binding-linux-arm64-musl@2.0.3':
    optional: true

  '@rspack/binding-linux-x64-gnu@2.0.3':
    optional: true

  '@rspack/binding-linux-x64-musl@2.0.3':
    optional: true

  '@rspack/binding-wasm32-wasi@2.0.3':
    dependencies:
      '@emnapi/core': 1.10.0
      '@emnapi/runtime': 1.10.0
      '@napi-rs/wasm-runtime': 1.1.4(@emnapi/core@1.10.0)(@emnapi/runtime@1.10.0)
    optional: true

  '@rspack/binding-win32-arm64-msvc@2.0.3':
    optional: true

  '@rspack/binding-win32-ia32-msvc@2.0.3':
    optional: true

  '@rspack/binding-win32-x64-msvc@2.0.3':
    optional: true

  '@rspack/binding@2.0.3':
    optionalDependencies:
      '@rspack/binding-darwin-arm64': 2.0.3
      '@rspack/binding-darwin-x64': 2.0.3
      '@rspack/binding-linux-arm64-gnu': 2.0.3
      '@rspack/binding-linux-arm64-musl': 2.0.3
      '@rspack/binding-linux-x64-gnu': 2.0.3
      '@rspack/binding-linux-x64-musl': 2.0.3
      '@rspack/binding-wasm32-wasi': 2.0.3
      '@rspack/binding-win32-arm64-msvc': 2.0.3
      '@rspack/binding-win32-ia32-msvc': 2.0.3
      '@rspack/binding-win32-x64-msvc': 2.0.3

  '@rspack/core@2.0.3(@swc/helpers@0.5.21)':
    dependencies:
      '@rspack/binding': 2.0.3
    optionalDependencies:
      '@swc/helpers': 0.5.21

  '@swc/helpers@0.5.21':
    dependencies:
      tslib: 2.8.1

  '@tybys/wasm-util@0.10.2':
    dependencies:
      tslib: 2.8.1
    optional: true

  tslib@2.8.1: {}

  typescript@5.9.3: {}
